{
    "_meta": {
        "hash": {
            "sha256": "8acd63a41b10d0517b6513e65197eb7c0d5f6106631a4a0275bc8918b08b57dc"
        },
        "host-environment-markers": {
            "implementation_name": "cpython",
            "implementation_version": "3.6.4",
            "os_name": "posix",
            "platform_machine": "x86_64",
            "platform_python_implementation": "CPython",
            "platform_release": "4.14.13-46.current",
            "platform_system": "Linux",
            "platform_version": "#1 SMP Sat Jan 13 18:33:59 UTC 2018",
            "python_full_version": "3.6.4",
            "python_version": "3.6",
            "sys_platform": "linux"
        },
        "pipfile-spec": 6,
        "requires": {
            "python_version": "3.6"
        },
        "sources": [
            {
                "name": "pypi",
                "url": "https://pypi.python.org/simple",
                "verify_ssl": true
            }
        ]
    },
    "default": {
        "django": {
            "hashes": [],
            "version": "==2.0.1"
        },
        "django-debug-toolbar": {
            "hashes": [],
            "version": "==1.9.1"
        },
        "django-grappelli": {
            "hashes": [],
            "version": "==2.10.1"
        },
        "pillow": {
            "hashes": [],
            "version": "==5.0.0"
        },
        "pytz": {
            "hashes": [],
            "version": "==2017.3"
        },
        "sqlparse": {
            "hashes": [],
            "version": "==0.2.4"
        }
    },
    "develop": {
        "astroid": {
            "hashes": [],
            "version": "==1.6.0"
        },
        "isort": {
            "hashes": [],
            "version": "==4.2.15"
        },
        "lazy-object-proxy": {
            "hashes": [],
            "version": "==1.3.1"
        },
        "mccabe": {
            "hashes": [],
            "version": "==0.6.1"
        },
        "pylint": {
            "hashes": [],
            "version": "==1.8.1"
        },
        "six": {
            "hashes": [],
            "version": "==1.11.0"
        },
        "wrapt": {
            "hashes": [],
            "version": "==1.10.11"
        }
    }
}
